
Microsoft Visual Studio Solution File, Format Version 12.00
# Visual Studio Version 16
VisualStudioVersion = 16.0.29424.173
MinimumVisualStudioVersion = 10.0.40219.1
Project("{F184B08F-C81C-45F6-A57F-5ABD9991F28F}") = "SumaMultiplosDe5", "SumaMultiplosDe5.vbproj", "{92D8E4DD-CB78-4308-8966-343C87CE8F90}"
EndProject
Global
	GlobalSection(SolutionConfigurationPlatforms) = preSolution
		Debug|Any CPU = Debug|Any CPU
		Release|Any CPU = Release|Any CPU
	EndGlobalSection
	GlobalSection(ProjectConfigurationPlatforms) = postSolution
		{92D8E4DD-CB78-4308-8966-343C87CE8F90}.Debug|Any CPU.ActiveCfg = Debug|Any CPU
		{92D8E4DD-CB78-4308-8966-343C87CE8F90}.Debug|Any CPU.Build.0 = Debug|Any CPU
		{92D8E4DD-CB78-4308-8966-343C87CE8F90}.Release|Any CPU.ActiveCfg = Release|Any CPU
		{92D8E4DD-CB78-4308-8966-343C87CE8F90}.Release|Any CPU.Build.0 = Release|Any CPU
	EndGlobalSection
	GlobalSection(SolutionProperties) = preSolution
		HideSolutionNode = FALSE
	EndGlobalSection
	GlobalSection(ExtensibilityGlobals) = postSolution
		SolutionGuid = {29D6E8CF-B3B1-4E0F-A161-C91B53458347}
	EndGlobalSection
EndGlobal
