
Microsoft Visual Studio Solution File, Format Version 12.00
# Visual Studio Version 16
VisualStudioVersion = 16.0.29509.3
MinimumVisualStudioVersion = 10.0.40219.1
Project("{F184B08F-C81C-45F6-A57F-5ABD9991F28F}") = "Interface", "Interface.vbproj", "{D5582B06-BA52-48AA-9C41-FC41F62CFF3E}"
EndProject
Global
	GlobalSection(SolutionConfigurationPlatforms) = preSolution
		Debug|Any CPU = Debug|Any CPU
		Release|Any CPU = Release|Any CPU
	EndGlobalSection
	GlobalSection(ProjectConfigurationPlatforms) = postSolution
		{D5582B06-BA52-48AA-9C41-FC41F62CFF3E}.Debug|Any CPU.ActiveCfg = Debug|Any CPU
		{D5582B06-BA52-48AA-9C41-FC41F62CFF3E}.Debug|Any CPU.Build.0 = Debug|Any CPU
		{D5582B06-BA52-48AA-9C41-FC41F62CFF3E}.Release|Any CPU.ActiveCfg = Release|Any CPU
		{D5582B06-BA52-48AA-9C41-FC41F62CFF3E}.Release|Any CPU.Build.0 = Release|Any CPU
	EndGlobalSection
	GlobalSection(SolutionProperties) = preSolution
		HideSolutionNode = FALSE
	EndGlobalSection
	GlobalSection(ExtensibilityGlobals) = postSolution
		SolutionGuid = {2A0DEA88-3FA8-4588-97D3-2E5645C6EFA7}
	EndGlobalSection
EndGlobal
