
Microsoft Visual Studio Solution File, Format Version 12.00
# Visual Studio Version 16
VisualStudioVersion = 16.0.29613.14
MinimumVisualStudioVersion = 10.0.40219.1
Project("{FAE04EC0-301F-11D3-BF4B-00C04F79EFBC}") = "Try number one", "Try number one\Try number one.csproj", "{23CBE6C6-8F61-43E4-ACC5-A6069148B1BF}"
EndProject
Global
	GlobalSection(SolutionConfigurationPlatforms) = preSolution
		Debug|Any CPU = Debug|Any CPU
		Release|Any CPU = Release|Any CPU
	EndGlobalSection
	GlobalSection(ProjectConfigurationPlatforms) = postSolution
		{23CBE6C6-8F61-43E4-ACC5-A6069148B1BF}.Debug|Any CPU.ActiveCfg = Debug|Any CPU
		{23CBE6C6-8F61-43E4-ACC5-A6069148B1BF}.Debug|Any CPU.Build.0 = Debug|Any CPU
		{23CBE6C6-8F61-43E4-ACC5-A6069148B1BF}.Release|Any CPU.ActiveCfg = Release|Any CPU
		{23CBE6C6-8F61-43E4-ACC5-A6069148B1BF}.Release|Any CPU.Build.0 = Release|Any CPU
	EndGlobalSection
	GlobalSection(SolutionProperties) = preSolution
		HideSolutionNode = FALSE
	EndGlobalSection
	GlobalSection(ExtensibilityGlobals) = postSolution
		SolutionGuid = {379C5989-AD5A-404D-BA15-BA791698811C}
	EndGlobalSection
EndGlobal
